# This file was autogenerated by Stack.
# You should not edit this file by hand.
# For more information, please see the documentation at:
#   https://docs.haskellstack.org/en/stable/lock_files

packages:
- completed:
    hackage: yesod-table-2.0.3@sha256:221340f7546f18157b240a46d83cfc6334b93a4fba35a779856e0c219cabe3e2,940
    pantry-tree:
      size: 214
      sha256: 71884eaba975b5b6dd7fe522ac555cd9dae2290e55ae7e53ed45b86a7188da54
  original:
    hackage: yesod-table-2.0.3
snapshots:
- completed:
    size: 531696
    url: https://raw.githubusercontent.com/commercialhaskell/stackage-snapshots/master/lts/16/3.yaml
    sha256: 65e3a94c65ad07fa1913649e3f1e36c4af51bf528a5d9fd217bdc1b46d0477cc
  original: lts-16.3
